// !$*UTF8*$!
{
	archiveVersion = 1;
	classes = {
	};
	objectVersion = 46;
	objects = {

/* Begin PBXBuildFile section */
		8E78D0F81ADA72550039BFF8 /* AudioToolbox.framework in Frameworks */ = {isa = PBXBuildFile; fileRef = 8E78D0F71ADA72550039BFF8 /* AudioToolbox.framework */; };
		8EC68B831ADA60630013725D /* main.m in Sources */ = {isa = PBXBuildFile; fileRef = 8EC68B821ADA60630013725D /* main.m */; };
		8EC68B861ADA60630013725D /* AppDelegate.m in Sources */ = {isa = PBXBuildFile; fileRef = 8EC68B851ADA60630013725D /* AppDelegate.m */; };
		8EC68B891ADA60630013725D /* ViewController.m in Sources */ = {isa = PBXBuildFile; fileRef = 8EC68B881ADA60630013725D /* ViewController.m */; };
		8EC68B8C1ADA60630013725D /* Main.storyboard in Resources */ = {isa = PBXBuildFile; fileRef = 8EC68B8A1ADA60630013725D /* Main.storyboard */; };
		8EC68B8E1ADA60630013725D /* Images.xcassets in Resources */ = {isa = PBXBuildFile; fileRef = 8EC68B8D1ADA60630013725D /* Images.xcassets */; };
		8EC68B911ADA60630013725D /* LaunchScreen.xib in Resources */ = {isa = PBXBuildFile; fileRef = 8EC68B8F1ADA60630013725D /* LaunchScreen.xib */; };
		8EC68B9D1ADA60630013725D /* iOSEchoCancellationTests.m in Sources */ = {isa = PBXBuildFile; fileRef = 8EC68B9C1ADA60630013725D /* iOSEchoCancellationTests.m */; };
/* End PBXBuildFile section */

/* Begin PBXContainerItemProxy section */
		8EC68B971ADA60630013725D /* PBXContainerItemProxy */ = {
			isa = PBXContainerItemProxy;
			containerPortal = 8EC68B751ADA60630013725D /* Project object */;
			proxyType = 1;
			remoteGlobalIDString = 8EC68B7C1ADA60630013725D;
			remoteInfo = iOSEchoCancellation;
		};
/* End PBXContainerItemProxy section */

/* Begin PBXFileReference section */
		8E78D0F71ADA72550039BFF8 /* AudioToolbox.framework */ = {isa = PBXFileReference; lastKnownFileType = wrapper.framework; name = AudioToolbox.framework; path = System/Library/Frameworks/AudioToolbox.framework; sourceTree = SDKROOT; };
		8EC68B7D1ADA60630013725D /* iOSEchoCancellation.app */ = {isa = PBXFileReference; explicitFileType = wrapper.application; includeInIndex = 0; path = iOSEchoCancellation.app; sourceTree = BUILT_PRODUCTS_DIR; };
		8EC68B811ADA60630013725D /* Info.plist */ = {isa = PBXFileReference; lastKnownFileType = text.plist.xml; path = Info.plist; sourceTree = "<group>"; };
		8EC68B821ADA60630013725D /* main.m */ = {isa = PBXFileReference; lastKnownFileType = sourcecode.c.objc; path = main.m; sourceTree = "<group>"; };
		8EC68B841ADA60630013725D /* AppDelegate.h */ = {isa = PBXFileReference; lastKnownFileType = sourcecode.c.h; path = AppDelegate.h; sourceTree = "<group>"; };
		8EC68B851ADA60630013725D /* AppDelegate.m */ = {isa = PBXFileReference; lastKnownFileType = sourcecode.c.objc; path = AppDelegate.m; sourceTree = "<group>"; };
		8EC68B871ADA60630013725D /* ViewController.h */ = {isa = PBXFileReference; lastKnownFileType = sourcecode.c.h; path = ViewController.h; sourceTree = "<group>"; };
		8EC68B881ADA60630013725D /* ViewController.m */ = {isa = PBXFileReference; lastKnownFileType = sourcecode.c.objc; path = ViewController.m; sourceTree = "<group>"; };
		8EC68B8B1ADA60630013725D /* Base */ = {isa = PBXFileReference; lastKnownFileType = file.storyboard; name = Base; path = Base.lproj/Main.storyboard; sourceTree = "<group>"; };
		8EC68B8D1ADA60630013725D /* Images.xcassets */ = {isa = PBXFileReference; lastKnownFileType = folder.assetcatalog; path = Images.xcassets; sourceTree = "<group>"; };
		8EC68B901ADA60630013725D /* Base */ = {isa = PBXFileReference; lastKnownFileType = file.xib; name = Base; path = Base.lproj/LaunchScreen.xib; sourceTree = "<group>"; };
		8EC68B961ADA60630013725D /* iOSEchoCancellationTests.xctest */ = {isa = PBXFileReference; explicitFileType = wrapper.cfbundle; includeInIndex = 0; path = iOSEchoCancellationTests.xctest; sourceTree = BUILT_PRODUCTS_DIR; };
		8EC68B9B1ADA60630013725D /* Info.plist */ = {isa = PBXFileReference; lastKnownFileType = text.plist.xml; path = Info.plist; sourceTree = "<group>"; };
		8EC68B9C1ADA60630013725D /* iOSEchoCancellationTests.m */ = {isa = PBXFileReference; lastKnownFileType = sourcecode.c.objc; path = iOSEchoCancellationTests.m; sourceTree = "<group>"; };
/* End PBXFileReference section */

/* Begin PBXFrameworksBuildPhase section */
		8EC68B7A1ADA60630013725D /* Frameworks */ = {
			isa = PBXFrameworksBuildPhase;
			buildActionMask = 2147483647;
			files = (
				8E78D0F81ADA72550039BFF8 /* AudioToolbox.framework in Frameworks */,
			);
			runOnlyForDeploymentPostprocessing = 0;
		};
		8EC68B931ADA60630013725D /* Frameworks */ = {
			isa = PBXFrameworksBuildPhase;
			buildActionMask = 2147483647;
			files = (
			);
			runOnlyForDeploymentPostprocessing = 0;
		};
/* End PBXFrameworksBuildPhase section */

/* Begin PBXGroup section */
		8EC68B741ADA60630013725D = {
			isa = PBXGroup;
			children = (
				8E78D0F71ADA72550039BFF8 /* AudioToolbox.framework */,
				8EC68B7F1ADA60630013725D /* iOSEchoCancellation */,
				8EC68B991ADA60630013725D /* iOSEchoCancellationTests */,
				8EC68B7E1ADA60630013725D /* Products */,
			);
			sourceTree = "<group>";
		};
		8EC68B7E1ADA60630013725D /* Products */ = {
			isa = PBXGroup;
			children = (
				8EC68B7D1ADA60630013725D /* iOSEchoCancellation.app */,
				8EC68B961ADA60630013725D /* iOSEchoCancellationTests.xctest */,
			);
			name = Products;
			sourceTree = "<group>";
		};
		8EC68B7F1ADA60630013725D /* iOSEchoCancellation */ = {
			isa = PBXGroup;
			children = (
				8EC68B841ADA60630013725D /* AppDelegate.h */,
				8EC68B851ADA60630013725D /* AppDelegate.m */,
				8EC68B871ADA60630013725D /* ViewController.h */,
				8EC68B881ADA60630013725D /* ViewController.m */,
				8EC68B8A1ADA60630013725D /* Main.storyboard */,
				8EC68B8D1ADA60630013725D /* Images.xcassets */,
				8EC68B8F1ADA60630013725D /* LaunchScreen.xib */,
				8EC68B801ADA60630013725D /* Supporting Files */,
			);
			path = iOSEchoCancellation;
			sourceTree = "<group>";
		};
		8EC68B801ADA60630013725D /* Supporting Files */ = {
			isa = PBXGroup;
			children = (
				8EC68B811ADA60630013725D /* Info.plist */,
				8EC68B821ADA60630013725D /* main.m */,
			);
			name = "Supporting Files";
			sourceTree = "<group>";
		};
		8EC68B991ADA60630013725D /* iOSEchoCancellationTests */ = {
			isa = PBXGroup;
			children = (
				8EC68B9C1ADA60630013725D /* iOSEchoCancellationTests.m */,
				8EC68B9A1ADA60630013725D /* Supporting Files */,
			);
			path = iOSEchoCancellationTests;
			sourceTree = "<group>";
		};
		8EC68B9A1ADA60630013725D /* Supporting Files */ = {
			isa = PBXGroup;
			children = (
				8EC68B9B1ADA60630013725D /* Info.plist */,
			);
			name = "Supporting Files";
			sourceTree = "<group>";
		};
/* End PBXGroup section */

/* Begin PBXNativeTarget section */
		8EC68B7C1ADA60630013725D /* iOSEchoCancellation */ = {
			isa = PBXNativeTarget;
			buildConfigurationList = 8EC68BA01ADA60630013725D /* Build configuration list for PBXNativeTarget "iOSEchoCancellation" */;
			buildPhases = (
				8EC68B791ADA60630013725D /* Sources */,
				8EC68B7A1ADA60630013725D /* Frameworks */,
				8EC68B7B1ADA60630013725D /* Resources */,
			);
			buildRules = (
			);
			dependencies = (
			);
			name = iOSEchoCancellation;
			productName = iOSEchoCancellation;
			productReference = 8EC68B7D1ADA60630013725D /* iOSEchoCancellation.app */;
			productType = "com.apple.product-type.application";
		};
		8EC68B951ADA60630013725D /* iOSEchoCancellationTests */ = {
			isa = PBXNativeTarget;
			buildConfigurationList = 8EC68BA31ADA60630013725D /* Build configuration list for PBXNativeTarget "iOSEchoCancellationTests" */;
			buildPhases = (
				8EC68B921ADA60630013725D /* Sources */,
				8EC68B931ADA60630013725D /* Frameworks */,
				8EC68B941ADA60630013725D /* Resources */,
			);
			buildRules = (
			);
			dependencies = (
				8EC68B981ADA60630013725D /* PBXTargetDependency */,
			);
			name = iOSEchoCancellationTests;
			productName = iOSEchoCancellationTests;
			productReference = 8EC68B961ADA60630013725D /* iOSEchoCancellationTests.xctest */;
			productType = "com.apple.product-type.bundle.unit-test";
		};
/* End PBXNativeTarget section */

/* Begin PBXProject section */
		8EC68B751ADA60630013725D /* Project object */ = {
			isa = PBXProject;
			attributes = {
				LastUpgradeCheck = 0630;
				ORGANIZATIONNAME = lixing123.com;
				TargetAttributes = {
					8EC68B7C1ADA60630013725D = {
						CreatedOnToolsVersion = 6.3.1;
					};
					8EC68B951ADA60630013725D = {
						CreatedOnToolsVersion = 6.3.1;
						TestTargetID = 8EC68B7C1ADA60630013725D;
					};
				};
			};
			buildConfigurationList = 8EC68B781ADA60630013725D /* Build configuration list for PBXProject "iOSEchoCancellation" */;
			compatibilityVersion = "Xcode 3.2";
			developmentRegion = English;
			hasScannedForEncodings = 0;
			knownRegions = (
				en,
				Base,
			);
			mainGroup = 8EC68B741ADA60630013725D;
			productRefGroup = 8EC68B7E1ADA60630013725D /* Products */;
			projectDirPath = "";
			projectRoot = "";
			targets = (
				8EC68B7C1ADA60630013725D /* iOSEchoCancellation */,
				8EC68B951ADA60630013725D /* iOSEchoCancellationTests */,
			);
		};
/* End PBXProject section */

/* Begin PBXResourcesBuildPhase section */
		8EC68B7B1ADA60630013725D /* Resources */ = {
			isa = PBXResourcesBuildPhase;
			buildActionMask = 2147483647;
			files = (
				8EC68B8C1ADA60630013725D /* Main.storyboard in Resources */,
				8EC68B911ADA60630013725D /* LaunchScreen.xib in Resources */,
				8EC68B8E1ADA60630013725D /* Images.xcassets in Resources */,
			);
			runOnlyForDeploymentPostprocessing = 0;
		};
		8EC68B941ADA60630013725D /* Resources */ = {
			isa = PBXResourcesBuildPhase;
			buildActionMask = 2147483647;
			files = (
			);
			runOnlyForDeploymentPostprocessing = 0;
		};
/* End PBXResourcesBuildPhase section */

/* Begin PBXSourcesBuildPhase section */
		8EC68B791ADA60630013725D /* Sources */ = {
			isa = PBXSourcesBuildPhase;
			buildActionMask = 2147483647;
			files = (
				8EC68B891ADA60630013725D /* ViewController.m in Sources */,
				8EC68B861ADA60630013725D /* AppDelegate.m in Sources */,
				8EC68B831ADA60630013725D /* main.m in Sources */,
			);
			runOnlyForDeploymentPostprocessing = 0;
		};
		8EC68B921ADA60630013725D /* Sources */ = {
			isa = PBXSourcesBuildPhase;
			buildActionMask = 2147483647;
			files = (
				8EC68B9D1ADA60630013725D /* iOSEchoCancellationTests.m in Sources */,
			);
			runOnlyForDeploymentPostprocessing = 0;
		};
/* End PBXSourcesBuildPhase section */

/* Begin PBXTargetDependency section */
		8EC68B981ADA60630013725D /* PBXTargetDependency */ = {
			isa = PBXTargetDependency;
			target = 8EC68B7C1ADA60630013725D /* iOSEchoCancellation */;
			targetProxy = 8EC68B971ADA60630013725D /* PBXContainerItemProxy */;
		};
/* End PBXTargetDependency section */

/* Begin PBXVariantGroup section */
		8EC68B8A1ADA60630013725D /* Main.storyboard */ = {
			isa = PBXVariantGroup;
			children = (
				8EC68B8B1ADA60630013725D /* Base */,
			);
			name = Main.storyboard;
			sourceTree = "<group>";
		};
		8EC68B8F1ADA60630013725D /* LaunchScreen.xib */ = {
			isa = PBXVariantGroup;
			children = (
				8EC68B901ADA60630013725D /* Base */,
			);
			name = LaunchScreen.xib;
			sourceTree = "<group>";
		};
/* End PBXVariantGroup section */

/* Begin XCBuildConfiguration section */
		8EC68B9E1ADA60630013725D /* Debug */ = {
			isa = XCBuildConfiguration;
			buildSettings = {
				ALWAYS_SEARCH_USER_PATHS = NO;
				CLANG_CXX_LANGUAGE_STANDARD = "gnu++0x";
				CLANG_CXX_LIBRARY = "libc++";
				CLANG_ENABLE_MODULES = YES;
				CLANG_ENABLE_OBJC_ARC = YES;
				CLANG_WARN_BOOL_CONVERSION = YES;
				CLANG_WARN_CONSTANT_CONVERSION = YES;
				CLANG_WARN_DIRECT_OBJC_ISA_USAGE = YES_ERROR;
				CLANG_WARN_EMPTY_BODY = YES;
				CLANG_WARN_ENUM_CONVERSION = YES;
				CLANG_WARN_INT_CONVERSION = YES;
				CLANG_WARN_OBJC_ROOT_CLASS = YES_ERROR;
				CLANG_WARN_UNREACHABLE_CODE = YES;
				CLANG_WARN__DUPLICATE_METHOD_MATCH = YES;
				CODE_SIGN_IDENTITY = "iPhone Developer: Li Cheng (XR3U8MN7WQ)";
				"CODE_SIGN_IDENTITY[sdk=iphoneos*]" = "iPhone Developer: Li Cheng (XR3U8MN7WQ)";
				COPY_PHASE_STRIP = NO;
				DEBUG_INFORMATION_FORMAT = "dwarf-with-dsym";
				ENABLE_STRICT_OBJC_MSGSEND = YES;
				GCC_C_LANGUAGE_STANDARD = gnu99;
				GCC_DYNAMIC_NO_PIC = NO;
				GCC_NO_COMMON_BLOCKS = YES;
				GCC_OPTIMIZATION_LEVEL = 0;
				GCC_PREPROCESSOR_DEFINITIONS = (
					"DEBUG=1",
					"$(inherited)",
				);
				GCC_SYMBOLS_PRIVATE_EXTERN = NO;
				GCC_WARN_64_TO_32_BIT_CONVERSION = YES;
				GCC_WARN_ABOUT_RETURN_TYPE = YES_ERROR;
				GCC_WARN_UNDECLARED_SELECTOR = YES;
				GCC_WARN_UNINITIALIZED_AUTOS = YES_AGGRESSIVE;
				GCC_WARN_UNUSED_FUNCTION = YES;
				GCC_WARN_UNUSED_VARIABLE = YES;
				IPHONEOS_DEPLOYMENT_TARGET = 8.3;
				MTL_ENABLE_DEBUG_INFO = YES;
				ONLY_ACTIVE_ARCH = YES;
				PROVISIONING_PROFILE = "9c5e7770-5b29-4799-8d03-6147a4f9f0f0";
				SDKROOT = iphoneos;
			};
			name = Debug;
		};
		8EC68B9F1ADA60630013725D /* Release */ = {
			isa = XCBuildConfiguration;
			buildSettings = {
				ALWAYS_SEARCH_USER_PATHS = NO;
				CLANG_CXX_LANGUAGE_STANDARD = "gnu++0x";
				CLANG_CXX_LIBRARY = "libc++";
				CLANG_ENABLE_MODULES = YES;
				CLANG_ENABLE_OBJC_ARC = YES;
				CLANG_WARN_BOOL_CONVERSION = YES;
				CLANG_WARN_CONSTANT_CONVERSION = YES;
				CLANG_WARN_DIRECT_OBJC_ISA_USAGE = YES_ERROR;
				CLANG_WARN_EMPTY_BODY = YES;
				CLANG_WARN_ENUM_CONVERSION = YES;
				CLANG_WARN_INT_CONVERSION = YES;
				CLANG_WARN_OBJC_ROOT_CLASS = YES_ERROR;
				CLANG_WARN_UNREACHABLE_CODE = YES;
				CLANG_WARN__DUPLICATE_METHOD_MATCH = YES;
				"CODE_SIGN_IDENTITY[sdk=iphoneos*]" = "iPhone Developer";
				COPY_PHASE_STRIP = NO;
				DEBUG_INFORMATION_FORMAT = "dwarf-with-dsym";
				ENABLE_NS_ASSERTIONS = NO;
				ENABLE_STRICT_OBJC_MSGSEND = YES;
				GCC_C_LANGUAGE_STANDARD = gnu99;
				GCC_NO_COMMON_BLOCKS = YES;
				GCC_WARN_64_TO_32_BIT_CONVERSION = YES;
				GCC_WARN_ABOUT_RETURN_TYPE = YES_ERROR;
				GCC_WARN_UNDECLARED_SELECTOR = YES;
				GCC_WARN_UNINITIALIZED_AUTOS = YES_AGGRESSIVE;
				GCC_WARN_UNUSED_FUNCTION = YES;
				GCC_WARN_UNUSED_VARIABLE = YES;
				IPHONEOS_DEPLOYMENT_TARGET = 8.3;
				MTL_ENABLE_DEBUG_INFO = NO;
				PROVISIONING_PROFILE = "9c5e7770-5b29-4799-8d03-6147a4f9f0f0";
				SDKROOT = iphoneos;
				VALIDATE_PRODUCT = YES;
			};
			name = Release;
		};
		8EC68BA11ADA60630013725D /* Debug */ = {
			isa = XCBuildConfiguration;
			buildSettings = {
				ASSETCATALOG_COMPILER_APPICON_NAME = AppIcon;
				CODE_SIGN_IDENTITY = "iPhone Developer: Li Cheng (XR3U8MN7WQ)";
				INFOPLIST_FILE = iOSEchoCancellation/Info.plist;
				LD_RUNPATH_SEARCH_PATHS = "$(inherited) @executable_path/Frameworks";
				PRODUCT_NAME = "$(TARGET_NAME)";
				PROVISIONING_PROFILE = "c2580794-b663-4795-89f0-ea68fd717ef7";
			};
			name = Debug;
		};
		8EC68BA21ADA60630013725D /* Release */ = {
			isa = XCBuildConfiguration;
			buildSettings = {
				ASSETCATALOG_COMPILER_APPICON_NAME = AppIcon;
				CODE_SIGN_IDENTITY = "iPhone Developer: Li Cheng (XR3U8MN7WQ)";
				"CODE_SIGN_IDENTITY[sdk=iphoneos*]" = "";
				INFOPLIST_FILE = iOSEchoCancellation/Info.plist;
				LD_RUNPATH_SEARCH_PATHS = "$(inherited) @executable_path/Frameworks";
				PRODUCT_NAME = "$(TARGET_NAME)";
				PROVISIONING_PROFILE = "c2580794-b663-4795-89f0-ea68fd717ef7";
			};
			name = Release;
		};
		8EC68BA41ADA60630013725D /* Debug */ = {
			isa = XCBuildConfiguration;
			buildSettings = {
				BUNDLE_LOADER = "$(TEST_HOST)";
				FRAMEWORK_SEARCH_PATHS = (
					"$(SDKROOT)/Developer/Library/Frameworks",
					"$(inherited)",
				);
				GCC_PREPROCESSOR_DEFINITIONS = (
					"DEBUG=1",
					"$(inherited)",
				);
				INFOPLIST_FILE = iOSEchoCancellationTests/Info.plist;
				LD_RUNPATH_SEARCH_PATHS = "$(inherited) @executable_path/Frameworks @loader_path/Frameworks";
				PRODUCT_NAME = "$(TARGET_NAME)";
				TEST_HOST = "$(BUILT_PRODUCTS_DIR)/iOSEchoCancellation.app/iOSEchoCancellation";
			};
			name = Debug;
		};
		8EC68BA51ADA60630013725D /* Release */ = {
			isa = XCBuildConfiguration;
			buildSettings = {
				BUNDLE_LOADER = "$(TEST_HOST)";
				FRAMEWORK_SEARCH_PATHS = (
					"$(SDKROOT)/Developer/Library/Frameworks",
					"$(inherited)",
				);
				INFOPLIST_FILE = iOSEchoCancellationTests/Info.plist;
				LD_RUNPATH_SEARCH_PATHS = "$(inherited) @executable_path/Frameworks @loader_path/Frameworks";
				PRODUCT_NAME = "$(TARGET_NAME)";
				TEST_HOST = "$(BUILT_PRODUCTS_DIR)/iOSEchoCancellation.app/iOSEchoCancellation";
			};
			name = Release;
		};
/* End XCBuildConfiguration section */

/* Begin XCConfigurationList section */
		8EC68B781ADA60630013725D /* Build configuration list for PBXProject "iOSEchoCancellation" */ = {
			isa = XCConfigurationList;
			buildConfigurations = (
				8EC68B9E1ADA60630013725D /* Debug */,
				8EC68B9F1ADA60630013725D /* Release */,
			);
			defaultConfigurationIsVisible = 0;
			defaultConfigurationName = Release;
		};
		8EC68BA01ADA60630013725D /* Build configuration list for PBXNativeTarget "iOSEchoCancellation" */ = {
			isa = XCConfigurationList;
			buildConfigurations = (
				8EC68BA11ADA60630013725D /* Debug */,
				8EC68BA21ADA60630013725D /* Release */,
			);
			defaultConfigurationIsVisible = 0;
			defaultConfigurationName = Release;
		};
		8EC68BA31ADA60630013725D /* Build configuration list for PBXNativeTarget "iOSEchoCancellationTests" */ = {
			isa = XCConfigurationList;
			buildConfigurations = (
				8EC68BA41ADA60630013725D /* Debug */,
				8EC68BA51ADA60630013725D /* Release */,
			);
			defaultConfigurationIsVisible = 0;
			defaultConfigurationName = Release;
		};
/* End XCConfigurationList section */
	};
	rootObject = 8EC68B751ADA60630013725D /* Project object */;
}
